
Microsoft Visual Studio Solution File, Format Version 12.00
# Visual Studio Version 16
VisualStudioVersion = 16.0.31702.278
MinimumVisualStudioVersion = 10.0.40219.1
Project("{FAE04EC0-301F-11D3-BF4B-00C04F79EFBC}") = "Blog", "Blog\Blog.csproj", "{76679710-899C-4949-877B-146EC709EBCB}"
EndProject
Global
	GlobalSection(SolutionConfigurationPlatforms) = preSolution
		Debug|Any CPU = Debug|Any CPU
		Release|Any CPU = Release|Any CPU
	EndGlobalSection
	GlobalSection(ProjectConfigurationPlatforms) = postSolution
		{76679710-899C-4949-877B-146EC709EBCB}.Debug|Any CPU.ActiveCfg = Debug|Any CPU
		{76679710-899C-4949-877B-146EC709EBCB}.Debug|Any CPU.Build.0 = Debug|Any CPU
		{76679710-899C-4949-877B-146EC709EBCB}.Release|Any CPU.ActiveCfg = Release|Any CPU
		{76679710-899C-4949-877B-146EC709EBCB}.Release|Any CPU.Build.0 = Release|Any CPU
	EndGlobalSection
	GlobalSection(SolutionProperties) = preSolution
		HideSolutionNode = FALSE
	EndGlobalSection
	GlobalSection(ExtensibilityGlobals) = postSolution
		SolutionGuid = {FCB7DCD5-C49F-490B-AC83-20F84214CD14}
	EndGlobalSection
EndGlobal
